
Microsoft Visual Studio Solution File, Format Version 12.00
# Visual Studio Version 16
VisualStudioVersion = 16.0.31613.86
MinimumVisualStudioVersion = 10.0.40219.1
Project("{FAE04EC0-301F-11D3-BF4B-00C04F79EFBC}") = "pruebaGit", "pruebaGit\pruebaGit.csproj", "{46D2B986-6473-4146-B403-1B7A7ED797DF}"
EndProject
Global
	GlobalSection(SolutionConfigurationPlatforms) = preSolution
		Debug|Any CPU = Debug|Any CPU
		Release|Any CPU = Release|Any CPU
	EndGlobalSection
	GlobalSection(ProjectConfigurationPlatforms) = postSolution
		{46D2B986-6473-4146-B403-1B7A7ED797DF}.Debug|Any CPU.ActiveCfg = Debug|Any CPU
		{46D2B986-6473-4146-B403-1B7A7ED797DF}.Debug|Any CPU.Build.0 = Debug|Any CPU
		{46D2B986-6473-4146-B403-1B7A7ED797DF}.Release|Any CPU.ActiveCfg = Release|Any CPU
		{46D2B986-6473-4146-B403-1B7A7ED797DF}.Release|Any CPU.Build.0 = Release|Any CPU
	EndGlobalSection
	GlobalSection(SolutionProperties) = preSolution
		HideSolutionNode = FALSE
	EndGlobalSection
	GlobalSection(ExtensibilityGlobals) = postSolution
		SolutionGuid = {2B47DF5A-D25E-4CC6-9271-8B74D64ADFC3}
	EndGlobalSection
EndGlobal
